# Copyright (c) 2020 University System of Georgia and GTCOARLab Contributors
# Distributed under the terms of the BSD-3-Clause License

# yamllint disable rule:line-length

# DO NOT EDIT THIS FILE BY HAND
#
#   anaconda-project update [-n the_env_spec]

locking_enabled: true

env_specs:
  audit:
    locked: false

  _conda:
    locked: false

  _py:
    locked: false

  _node:
    locked: false

  _robot:
    locked: false

  _yarn:
    locked: false

  build:
    locked: true
    env_spec_hash: 4402a7c5a14a19bb5a4476ca74fbf211abc57726
    platforms:
      - linux-64
      - osx-64
      - win-64
    packages:
      all:
        - backports.functools_lru_cache=1.6.1=py_0
        - backports.tempfile=1.0=py_1
        - backports.weakref=1.0.post1=py_1
        - backports=1.0=py_2
        - beautifulsoup4=4.9.1=py37_0
        - ca-certificates=2020.7.22=0
        - certifi=2020.6.20=py37_0
        - chardet=3.0.4=py37_1003
        - click=7.1.2=py_0
        - conda-build=3.17.8=py37_0
        - conda-lock=0.4.1=py_0
        - conda-standalone=4.8.3=h18fab7e_11
        - conda-verify=3.4.2=py_1
        - conda=4.8.4=py37_0
        - constructor=3.0.2=py37_0
        - filelock=3.0.12=py_0
        - future=0.18.2=py37_1
        - glob2=0.7=py_0
        - idna=2.10=py_0
        - jinja2=2.11.2=py_0
        - olefile=0.46=py37_0
        - pip=20.2.2=py37_0
        - pkginfo=1.5.0.1=py37_0
        - pycparser=2.20=py_2
        - pyopenssl=19.1.0=py_1
        - python-libarchive-c=2.9=py_0
        - python_abi=3.7=1_cp37m
        - pytz=2020.1=py_0
        - requests=2.24.0=py_0
        - setuptools=49.6.0=py37_0
        - six=1.15.0=py_0
        - soupsieve=2.0.1=py_0
        - tqdm=4.48.2=py_0
        - urllib3=1.25.10=py_0
        - wheel=0.35.1=py_0
      unix:
        - ripgrep=11.0.2=he32d670_0
      linux-64:
        - _libgcc_mutex=0.1=main
        - brotlipy=0.7.0=py37h7b6447c_1000
        - bzip2=1.0.8=h7b6447c_0
        - cffi=1.14.2=py37he30daa8_0
        - conda-package-handling=1.6.1=py37h7b6447c_0
        - cryptography=3.1=py37h1ba5d50_0
        - expat=2.2.9=he6710b0_2
        - freetype=2.10.2=h5ab3b9f_0
        - git=2.23.0=pl526hacde149_0
        - icu=58.2=he6710b0_3
        - jpeg=9b=h024ee3a_2
        - krb5=1.18.2=h173b8e3_0
        - lcms2=2.11=h396b838_0
        - ld_impl_linux-64=2.33.1=h53a641e_7
        - libarchive=3.3.3=h5d8350f_5
        - libcurl=7.71.1=h20c2e04_1
        - libedit=3.1.20191231=h14c3975_1
        - libffi=3.3=he6710b0_2
        - libgcc-ng=9.1.0=hdf63c60_0
        - libiconv=1.15=h63c8f33_5
        - liblief=0.10.1=he6710b0_0
        - libpng=1.6.37=hbc83047_0
        - libsolv=0.7.14=h8b12597_5
        - libssh2=1.9.0=h1ba5d50_1
        - libstdcxx-ng=9.1.0=hdf63c60_0
        - libtiff=4.1.0=h2733197_0
        - libxml2=2.9.10=he19cac6_1
        - lz4-c=1.8.1.2=h14c3975_0
        - lzo=2.10=h7b6447c_2
        - mamba=0.5.1=py37h782c684_0
        - markupsafe=1.1.1=py37h14c3975_1
        - ncurses=6.2=he6710b0_1
        - openssl=1.1.1g=h7b6447c_0
        - patchelf=0.11=he6710b0_0
        - pcre=8.44=he6710b0_0
        - perl=5.26.2=h14c3975_0
        - pillow=7.2.0=py37hb39fc2d_0
        - psutil=5.7.2=py37h7b6447c_0
        - py-lief=0.10.1=py37h403a769_0
        - pycosat=0.6.3=py37h7b6447c_0
        - pysocks=1.7.1=py37_1
        - python=3.7.9=h7579374_0
        - pyyaml=5.3.1=py37h7b6447c_1
        - readline=8.0=h7b6447c_0
        - ruamel_yaml=0.15.87=py37h7b6447c_1
        - sqlite=3.33.0=h62c20be_0
        - tk=8.6.10=hbc83047_0
        - xz=5.2.5=h7b6447c_0
        - yaml=0.2.5=h7b6447c_0
        - zlib=1.2.11=h7b6447c_3
        - zstd=1.3.7=h0b5b093_0
      osx-64:
        - brotlipy=0.7.0=py37haf1e3a3_1000
        - bzip2=1.0.8=h1de35cc_0
        - cffi=1.14.2=py37hed5b41f_0
        - conda-package-handling=1.6.1=py37h1de35cc_0
        - cryptography=3.1=py37hddc9c9b_0
        - expat=2.2.9=hb1e8313_2
        - freetype=2.10.2=ha233b18_0
        - git=2.23.0=pl526h6951d83_0
        - icu=58.2=h0a44026_3
        - jpeg=9b=he5867d9_2
        - krb5=1.18.2=h75d18d8_0
        - lcms2=2.11=h92f6f08_0
        - libarchive=3.3.3=h786848e_5
        - libcurl=7.71.1=h8a08a2b_1
        - libcxx=10.0.1=h5f48129_0
        - libedit=3.1.20191231=h1de35cc_1
        - libffi=3.3=hb1e8313_2
        - libiconv=1.16=h1de35cc_0
        - liblief=0.10.1=h0a44026_0
        - libpng=1.6.37=ha441bb4_0
        - libsolv=0.7.14=hab81aa3_5
        - libssh2=1.9.0=ha12b0ac_1
        - libtiff=4.1.0=hcb84e12_0
        - libxml2=2.9.10=h3b9e6c8_1
        - lz4-c=1.8.1.2=h1de35cc_0
        - lzo=2.10=h1de35cc_2
        - mamba=0.5.1=py37h9af3620_0
        - markupsafe=1.1.1=py37h1de35cc_0
        - ncurses=6.2=h0a44026_1
        - openssl=1.1.1g=h1de35cc_0
        - pcre=8.44=hb1e8313_0
        - perl=5.26.2=h4e221da_0
        - pillow=7.2.0=py37ha54b6ba_0
        - psutil=5.7.2=py37haf1e3a3_0
        - py-lief=0.10.1=py37haf313ee_0
        - pycosat=0.6.3=py37h1de35cc_0
        - pysocks=1.7.1=py37_0
        - python=3.7.9=h26836e1_0
        - pyyaml=5.3.1=py37haf1e3a3_1
        - readline=8.0=h1de35cc_0
        - ruamel_yaml=0.15.87=py37haf1e3a3_1
        - sqlite=3.33.0=hffcf06c_0
        - tk=8.6.10=hb0a8c7a_0
        - xz=5.2.5=h1de35cc_0
        - yaml=0.2.5=haf1e3a3_0
        - zlib=1.2.11=h1de35cc_3
        - zstd=1.3.7=h5bba6e5_0
      win-64:
        - brotlipy=0.7.0=py37he774522_1000
        - bzip2=1.0.8=he774522_0
        - cffi=1.14.2=py37h7a1dbc1_0
        - conda-package-handling=1.6.1=py37h62dcd97_0
        - cryptography=3.1=py37h7a1dbc1_0
        - freetype=2.10.2=hd328e21_0
        - git=2.23.0=h6bb4b03_0
        - jpeg=9b=hb83a4c4_2
        - krb5=1.18.2=hc04afaa_0
        - libarchive=3.3.3=h0643e63_5
        - libcurl=7.71.1=h2a8f88b_1
        - libiconv=1.15=h1df5818_7
        - liblief=0.10.1=ha925a31_0
        - libpng=1.6.37=h2a8f88b_0
        - libsolv=0.7.14=h7bd577a_5
        - libssh2=1.9.0=h7a1dbc1_1
        - libtiff=4.1.0=h56a325e_0
        - libxml2=2.9.10=h464c3ec_1
        - lz4-c=1.8.1.2=h2fa13f4_0
        - lzo=2.10=he774522_2
        - mamba=0.5.1=py37h9260075_0
        - markupsafe=1.1.1=py37hfa6e2cd_1
        - menuinst=1.4.16=py37he774522_1
        - nsis=3.01=8
        - openssl=1.1.1g=he774522_1
        - pillow=7.2.0=py37hcc1f983_0
        - psutil=5.7.2=py37he774522_0
        - py-lief=0.10.1=py37ha925a31_0
        - pycosat=0.6.3=py37he774522_0
        - pysocks=1.7.1=py37_1
        - python=3.7.9=h60c2a47_0
        - pywin32=227=py37he774522_1
        - pyyaml=5.3.1=py37he774522_1
        - ripgrep=11.0.2=0
        - ruamel_yaml=0.15.87=py37he774522_1
        - sqlite=3.33.0=h2a8f88b_0
        - tk=8.6.10=he774522_0
        - vc=14.1=h0510ff6_4
        - vs2015_runtime=14.16.27012=hf0eaf9b_3
        - win_inet_pton=1.1.0=py37_0
        - wincertstore=0.2=py37_0
        - xz=5.2.5=h62dcd97_0
        - yaml=0.2.5=he774522_0
        - zlib=1.2.11=h62dcd97_4
        - zstd=1.3.7=h508b16e_0
  qa:
    locked: true
    env_spec_hash: 20adaba5561a80c98ae4ad344dbe6a38d9c48441
    platforms:
      - linux-64
      - osx-64
      - win-64
    packages:
      all:
        - appdirs=1.4.4=py_0
        - attrs=20.1.0=py_0
        - black=19.10b0=py_0
        - ca-certificates=2020.7.22=0
        - certifi=2020.6.20=py37_0
        - click=7.1.2=py_0
        - decorator=4.4.2=py_0
        - flake8=3.8.3=py_0
        - idna=2.10=py_0
        - importlib-metadata=1.7.0=py37_0
        - importlib_metadata=1.7.0=0
        - iniconfig=1.0.1=py_0
        - ipython_genutils=0.2.0=py37_0
        - isort=4.3.21=py37_0
        - jupyter_core=4.6.3=py37_0
        - mccabe=0.6.1=py37_1
        - more-itertools=8.5.0=py_0
        - mypy_extensions=0.4.3=py37_0
        - nbformat=5.0.7=py_0
        - packaging=20.4=py_0
        - pathspec=0.7.0=py_0
        - pip=20.2.2=py37_0
        - pluggy=0.13.1=py37_0
        - py=1.9.0=py_0
        - pycodestyle=2.6.0=py_0
        - pycparser=2.20=py_2
        - pyflakes=2.2.0=py_0
        - pyopenssl=19.1.0=py_1
        - pyparsing=2.4.7=py_0
        - pytest=6.0.1=py37_0
        - robotframework-lint=1.1=pyh9f0ad1d_0
        - robotframework-pythonlibcore=2.1.0=py_0
        - robotframework-seleniumlibrary=4.5.0=pyh9f0ad1d_0
        - robotframework=3.2.2=pyh9f0ad1d_0
        - setuptools=49.6.0=py37_0
        - six=1.15.0=py_0
        - toml=0.10.1=py_0
        - traitlets=4.3.3=py37_0
        - typing_extensions=3.7.4.3=py_0
        - urllib3=1.25.10=py_0
        - wheel=0.35.1=py_0
        - yamllint=1.24.2=pyh9f0ad1d_0
        - yarn=1.22.5=0
        - zipp=3.1.0=py_0
      linux-64:
        - _libgcc_mutex=0.1=main
        - brotlipy=0.7.0=py37h7b6447c_1000
        - cffi=1.14.2=py37he30daa8_0
        - cryptography=3.1=py37h1ba5d50_0
        - firefox=78.2.0esr=he1b5a44_0
        - geckodriver=0.27.0=he1b5a44_0
        - icu=64.2=he1b5a44_1
        - jsonschema=3.2.0=py37_1
        - ld_impl_linux-64=2.33.1=h53a641e_7
        - libedit=3.1.20191231=h14c3975_1
        - libffi=3.3=he6710b0_2
        - libgcc-ng=9.1.0=hdf63c60_0
        - libstdcxx-ng=9.1.0=hdf63c60_0
        - libuv=1.39.0=h516909a_0
        - ncurses=6.2=he6710b0_1
        - nodejs=12.18.3=h67efad7_0
        - openssl=1.1.1g=h7b6447c_0
        - pyrsistent=0.16.0=py37h7b6447c_0
        - pysocks=1.7.1=py37_1
        - python=3.7.9=h7579374_0
        - pyyaml=5.3.1=py37h7b6447c_1
        - readline=8.0=h7b6447c_0
        - regex=2020.7.14=py37h7b6447c_0
        - selenium=3.141.0=py37h14c3975_1001
        - sqlite=3.33.0=h62c20be_0
        - tk=8.6.10=hbc83047_0
        - typed-ast=1.4.1=py37h7b6447c_0
        - xz=5.2.5=h7b6447c_0
        - yaml=0.2.5=h7b6447c_0
        - zlib=1.2.11=h7b6447c_3
      osx-64:
        - brotlipy=0.7.0=py37haf1e3a3_1000
        - cffi=1.14.2=py37hed5b41f_0
        - cryptography=3.1=py37hddc9c9b_0
        - firefox=78.2.0esr=hb1e8313_0
        - geckodriver=0.27.0=hb1e8313_0
        - icu=64.2=h6de7cb9_1
        - jsonschema=3.2.0=py37_0
        - libcxx=10.0.1=h5f48129_0
        - libedit=3.1.20191231=h1de35cc_1
        - libffi=3.3=hb1e8313_2
        - libuv=1.39.0=haf1e3a3_0
        - ncurses=6.2=h0a44026_1
        - nodejs=12.18.3=h1293169_0
        - openssl=1.1.1g=h1de35cc_0
        - pyrsistent=0.16.0=py37h1de35cc_0
        - pysocks=1.7.1=py37_0
        - python=3.7.9=h26836e1_0
        - pyyaml=5.3.1=py37haf1e3a3_1
        - readline=8.0=h1de35cc_0
        - regex=2020.7.14=py37haf1e3a3_0
        - selenium=3.141.0=py37h1de35cc_0
        - sqlite=3.33.0=hffcf06c_0
        - tk=8.6.10=hb0a8c7a_0
        - typed-ast=1.4.1=py37h1de35cc_0
        - xz=5.2.5=h1de35cc_0
        - yaml=0.2.5=haf1e3a3_0
        - zlib=1.2.11=h1de35cc_3
      win-64:
        - atomicwrites=1.4.0=py_0
        - brotlipy=0.7.0=py37he774522_1000
        - cffi=1.14.2=py37h7a1dbc1_0
        - colorama=0.4.3=py_0
        - cryptography=3.1=py37h7a1dbc1_0
        - firefox=78.2.0esr=ha925a31_0
        - geckodriver=0.27.0=h33f27b4_0
        - jsonschema=3.2.0=py37_1
        - nodejs=12.18.3=0
        - openssl=1.1.1g=he774522_1
        - pyrsistent=0.16.0=py37he774522_0
        - pysocks=1.7.1=py37_1
        - python=3.7.9=h60c2a47_0
        - pywin32=227=py37he774522_1
        - pyyaml=5.3.1=py37he774522_1
        - regex=2020.7.14=py37he774522_0
        - selenium=3.141.0=py37hfa6e2cd_1001
        - sqlite=3.33.0=h2a8f88b_0
        - typed-ast=1.4.1=py37he774522_0
        - vc=14.1=h0510ff6_4
        - vs2015_runtime=14.16.27012=hf0eaf9b_3
        - win_inet_pton=1.1.0=py37_0
        - wincertstore=0.2=py37_0
        - yaml=0.2.5=he774522_0
        - zlib=1.2.11=h62dcd97_4
