# platform: osx-64
# env_hash: 38d09dd1d04c5641de9e6bb5b393004a19e3421b6d3836ab9170f910f948a050
@EXPLICIT
https://conda.anaconda.org/conda-forge/osx-64/bzip2-1.0.8-hc929b4f_4.tar.bz2#521b82c700a64bac7d8da27539422e91
https://conda.anaconda.org/conda-forge/osx-64/c-ares-1.17.1-h0d85af4_1.tar.bz2#786a1af1bc9194e43bb3a9e1ea0146ed
https://conda.anaconda.org/conda-forge/osx-64/ca-certificates-2021.5.30-h033912b_0.tar.bz2#2377a0c58b5ffe92d70b7bdcd833e8ff
https://conda.anaconda.org/conda-forge/osx-64/libcxx-11.1.0-habf9029_0.tar.bz2#a88609e545f948a404419c65cd96fa1a
https://conda.anaconda.org/conda-forge/osx-64/libev-4.33-haf1e3a3_1.tar.bz2#79dc2be110b2a3d1e97ec21f691c50ad
https://conda.anaconda.org/conda-forge/osx-64/libiconv-1.16-haf1e3a3_0.tar.bz2#c5fab167412a52e491c8e11453ae016f
https://conda.anaconda.org/conda-forge/osx-64/lzo-2.10-haf1e3a3_1000.tar.bz2#0b6bca372a95d6c602c7a922e928ce79
https://conda.anaconda.org/conda-forge/osx-64/ncurses-6.2-h2e338ed_4.tar.bz2#9cef1910395d1543527583e73dba30f1
https://conda.anaconda.org/conda-forge/osx-64/reproc-14.2.1-hbcb3906_0.tar.bz2#7a60834ed66c6dbc204ee40ff400ea4a
https://conda.anaconda.org/conda-forge/osx-64/xz-5.2.5-haf1e3a3_1.tar.bz2#41116deb499e9bc58048c297d6403ce6
https://conda.anaconda.org/conda-forge/osx-64/yaml-0.2.5-haf1e3a3_0.tar.bz2#84c2fc186995c25a43e86ed708065572
https://conda.anaconda.org/conda-forge/osx-64/zlib-1.2.11-h7795811_1010.tar.bz2#7d39e47e16ed0107f37c7224d5b5be8b
https://conda.anaconda.org/conda-forge/osx-64/firefox-78.11.0esr-he49afe7_0.tar.bz2#96ad39f36c289c66ceb394b0ec5330e6
https://conda.anaconda.org/conda-forge/osx-64/geckodriver-0.29.0-h970cd5f_0.tar.bz2#fb092683e483d049b20ec57b5fdc5fac
https://conda.anaconda.org/conda-forge/osx-64/icu-68.1-h74dc148_0.tar.bz2#e4e7f8580abd1275ea2250fe606b66ac
https://conda.anaconda.org/conda-forge/osx-64/libedit-3.1.20191231-hed1e85f_2.tar.bz2#779da5393199c3af97bd8f12c804b749
https://conda.anaconda.org/conda-forge/osx-64/libffi-3.3-h046ec9c_2.tar.bz2#c7a196accaf92d40985d5c9b4d14f9cb
https://conda.anaconda.org/conda-forge/osx-64/libsolv-0.7.18-hcf210ce_0.tar.bz2#200f413cd1a4f4840f56731d6c1c610a
https://conda.anaconda.org/conda-forge/osx-64/lz4-c-1.9.3-h046ec9c_0.tar.bz2#7f13d69c1b7989b85029efb6f3e35af9
https://conda.anaconda.org/conda-forge/osx-64/openssl-1.1.1k-h0d85af4_0.tar.bz2#f9582eb16f4e3bc7932995e122f30a74
https://conda.anaconda.org/conda-forge/osx-64/readline-8.1-h05e3726_0.tar.bz2#2832e9b6a7caa7cb192fcda6cfcd8871
https://conda.anaconda.org/conda-forge/osx-64/reproc-cpp-14.2.1-h2e338ed_0.tar.bz2#81f8c26dd046e967c4536054e1863001
https://conda.anaconda.org/conda-forge/osx-64/tk-8.6.10-hb0a8c7a_1.tar.bz2#f7477bf81dcfc7b4dddc7b3790a99a0c
https://conda.anaconda.org/conda-forge/osx-64/krb5-1.19.1-hcfbf3a7_0.tar.bz2#fed1a9dde05f55e11a5b22b3e07cd72b
https://conda.anaconda.org/conda-forge/osx-64/libnghttp2-1.43.0-h07e645a_0.tar.bz2#b4a9c405d47f3b120ed6cf86cc8a13aa
https://conda.anaconda.org/conda-forge/osx-64/libssh2-1.9.0-h52ee1ee_6.tar.bz2#42cebefd1fd127d1180e3df004a413b7
https://conda.anaconda.org/conda-forge/osx-64/libxml2-2.9.12-h93ec3fd_0.tar.bz2#3bb7e5cd72ee6520ce6e26600a1283db
https://conda.anaconda.org/conda-forge/osx-64/sqlite-3.36.0-h23a322b_0.tar.bz2#6b6f868ab26da23c5a9b518799de901a
https://conda.anaconda.org/conda-forge/osx-64/zstd-1.5.0-h582d3a0_0.tar.bz2#96a04eeb0146059f0c2d63491f77d6d0
https://conda.anaconda.org/conda-forge/osx-64/libarchive-3.5.1-h2b60450_2.tar.bz2#92198624b4c4b76b5190bd9e257eb4d8
https://conda.anaconda.org/conda-forge/osx-64/libcurl-7.77.0-hf45b732_0.tar.bz2#e37c0b30ad5c633cae6464040655acd1
https://conda.anaconda.org/conda-forge/osx-64/python-3.7.10-h7728216_100_cpython.tar.bz2#ba448dbd4b06c0776981a37a09786f1a
https://conda.anaconda.org/conda-forge/noarch/backcall-0.2.0-pyh9f0ad1d_0.tar.bz2#6006a6d08a3fa99268a2681c7fb55213
https://conda.anaconda.org/conda-forge/noarch/backports-1.0-py_2.tar.bz2#0da16b293affa6ac31812376f8eb79dd
https://conda.anaconda.org/conda-forge/noarch/cloudpickle-1.6.0-py_0.tar.bz2#76d764d8881719e305f6fa368dc2b65e
https://conda.anaconda.org/conda-forge/noarch/colorama-0.4.4-pyh9f0ad1d_0.tar.bz2#c08b4c1326b880ed44f3ffb04803332f
https://conda.anaconda.org/conda-forge/noarch/decorator-5.0.9-pyhd8ed1ab_0.tar.bz2#0ae9cca42e37b5ce6267c2a2b1383546
https://conda.anaconda.org/conda-forge/noarch/idna-2.10-pyh9f0ad1d_0.tar.bz2#f95a12b4f435aae6680fe55ae2eb1b06
https://conda.anaconda.org/conda-forge/noarch/ipython_genutils-0.2.0-py_1.tar.bz2#5071c982548b3a20caf70462f04f5287
https://conda.anaconda.org/conda-forge/noarch/parso-0.8.2-pyhd8ed1ab_0.tar.bz2#fb40b157bd62b457a1cc82527b63f0b0
https://conda.anaconda.org/conda-forge/noarch/ptyprocess-0.7.0-pyhd3deb0d_0.tar.bz2#359eeb6536da0e687af562ed265ec263
https://conda.anaconda.org/conda-forge/noarch/pycparser-2.20-pyh9f0ad1d_2.tar.bz2#aa798d50ffd182a0f6f31478c7f434f6
https://conda.anaconda.org/conda-forge/osx-64/python_abi-3.7-1_cp37m.tar.bz2#d2cb192f8948ea603927a71f015574dd
https://conda.anaconda.org/conda-forge/noarch/robotframework-4.0.3-pyhd8ed1ab_0.tar.bz2#476c586d4bee43047f02bb9beaa6baae
https://conda.anaconda.org/conda-forge/noarch/six-1.16.0-pyh6c4a22f_0.tar.bz2#e5f25f8dbc060e9a8d912e432202afc2
https://conda.anaconda.org/conda-forge/noarch/tqdm-4.61.1-pyhd8ed1ab_0.tar.bz2#29bcac0ab1821d158d84a1f720fb899e
https://conda.anaconda.org/conda-forge/noarch/wheel-0.36.2-pyhd3deb0d_0.tar.bz2#768bfbe026426d0e76b377997d1f2b98
https://conda.anaconda.org/conda-forge/osx-64/appnope-0.1.2-py37hf985489_1.tar.bz2#1bee6125d3ade317803d5358ea3f0e83
https://conda.anaconda.org/conda-forge/osx-64/certifi-2021.5.30-py37hf985489_0.tar.bz2#0be45059d18a95220573963524676b1a
https://conda.anaconda.org/conda-forge/osx-64/cffi-1.14.5-py37h4d371b4_0.tar.bz2#fe873b3f987f3e9203bb4165197a1281
https://conda.anaconda.org/conda-forge/osx-64/chardet-4.0.0-py37hf985489_1.tar.bz2#212f48113f4aa416eb58404fbece967b
https://conda.anaconda.org/conda-forge/osx-64/conda-package-handling-1.7.3-py37h271585c_0.tar.bz2#36c4ed3047f393fd774e6e8313f9c818
https://conda.anaconda.org/conda-forge/osx-64/jedi-0.18.0-py37hf985489_2.tar.bz2#8cf41e3992c9d1ae8549dfaf03d4bc14
https://conda.anaconda.org/conda-forge/osx-64/macfsevents-0.8.1-py37h60d8a13_1001.tar.bz2#a378d2960f5fa8b97e322afc420b7143
https://conda.anaconda.org/conda-forge/osx-64/markupsafe-2.0.1-py37h271585c_0.tar.bz2#e3488847e5c3bba390401e73a820a0d6
https://conda.anaconda.org/conda-forge/osx-64/pexpect-4.8.0-py37hc8dfbb8_1.tar.bz2#249ce152201450091b9dcfa4b1438590
https://conda.anaconda.org/conda-forge/osx-64/pickleshare-0.7.5-py37hc8dfbb8_1002.tar.bz2#4c04e7491847c37e277f06b0e8c5b6b6
https://conda.anaconda.org/conda-forge/osx-64/pycosat-0.6.3-py37hf967b71_1006.tar.bz2#d8fae8ca939e2fbc28f209b9f0ca290c
https://conda.anaconda.org/conda-forge/osx-64/pysocks-1.7.1-py37hf985489_3.tar.bz2#02bf224638f91b6b695fec5de6bbd860
https://conda.anaconda.org/conda-forge/noarch/robotframework-pythonlibcore-3.0.0-pyhd8ed1ab_0.tar.bz2#5651c801936eed0acac65983bf87f9e4
https://conda.anaconda.org/conda-forge/osx-64/ruamel_yaml-0.15.80-py37h7585375_1004.tar.bz2#66e51f9e5f98dee5558f092ebc9ac5c5
https://conda.anaconda.org/conda-forge/noarch/traitlets-5.0.5-py_0.tar.bz2#99618ee9ab1323e40f231acdab92fe60
https://conda.anaconda.org/conda-forge/osx-64/brotlipy-0.7.0-py37hf967b71_1001.tar.bz2#2e1016af5a81ba9e50d8bd25bf82b352
https://conda.anaconda.org/conda-forge/osx-64/cryptography-3.4.7-py37hce4a858_0.tar.bz2#3d8dba99e6bba580b947da6daf8b1d94
https://conda.anaconda.org/conda-forge/osx-64/doit-0.33.1-py37hc8dfbb8_1.tar.bz2#e4732773cfbfc471906fac96cdc85827
https://conda.anaconda.org/conda-forge/noarch/jinja2-3.0.1-pyhd8ed1ab_0.tar.bz2#c647e77921fd3e245cdcc5b2d451a0f8
https://conda.anaconda.org/conda-forge/noarch/matplotlib-inline-0.1.2-pyhd8ed1ab_2.tar.bz2#0967e1db58b16e416464ca399f87df79
https://conda.anaconda.org/conda-forge/osx-64/setuptools-49.6.0-py37hf985489_3.tar.bz2#5030dea82548d67ec8b80882e8e4a099
https://conda.anaconda.org/conda-forge/noarch/backports.functools_lru_cache-1.6.4-pyhd8ed1ab_0.tar.bz2#c5b3edc62d6309088f4970b3eaaa65a6
https://conda.anaconda.org/conda-forge/noarch/pip-21.1.2-pyhd8ed1ab_0.tar.bz2#dbd830edaffe5fc9ae6c1d425db2b5f2
https://conda.anaconda.org/conda-forge/noarch/pygments-2.9.0-pyhd8ed1ab_0.tar.bz2#a2d9bba43c9b80a42b0ccb9afd7223c2
https://conda.anaconda.org/conda-forge/noarch/pyopenssl-20.0.1-pyhd8ed1ab_0.tar.bz2#92371c25994d0f5d28a01c1fb75ebf86
https://conda.anaconda.org/conda-forge/noarch/urllib3-1.26.5-pyhd8ed1ab_0.tar.bz2#36f0ca66d6dd09423e5c2551148d45cd
https://conda.anaconda.org/conda-forge/noarch/wcwidth-0.2.5-pyh9f0ad1d_2.tar.bz2#5266fcd697043c59621fda522b3d78ee
https://conda.anaconda.org/conda-forge/noarch/prompt-toolkit-3.0.19-pyha770c72_0.tar.bz2#d6db5e598611b7e81a3d38498174e6e8
https://conda.anaconda.org/conda-forge/noarch/requests-2.25.1-pyhd3deb0d_0.tar.bz2#ae687aba31a1c400192a86a2e993ffdc
https://conda.anaconda.org/conda-forge/osx-64/selenium-3.141.0-py37hf967b71_1002.tar.bz2#38eada8940109fe4fffbef455d1835c3
https://conda.anaconda.org/conda-forge/osx-64/conda-4.10.1-py37hf985489_0.tar.bz2#fb8a2697a73533551d734779c6d1e06e
https://conda.anaconda.org/conda-forge/osx-64/ipython-7.24.1-py37h85f7c60_0.tar.bz2#983116b27154bf14a8fd3ae2f047383d
https://conda.anaconda.org/conda-forge/noarch/robotframework-seleniumlibrary-5.1.3-pyhd8ed1ab_0.tar.bz2#464fdfebe1a1ffb41b031d8bbfb6041f
https://conda.anaconda.org/conda-forge/osx-64/mamba-0.14.0-py37hede01ff_0.tar.bz2#2c4ac65c312516ad017d1db2f36ce619
https://conda.anaconda.org/conda-forge/noarch/robotframework-jupyterlibrary-0.3.1-pyhd8ed1ab_0.tar.bz2#c8b6ee1fef3049484a3c9b8b6b872cc0
