# platform: linux-64
# env_hash: c154dfd79f8161eaf40e2ac0c0fc3147b9c0ce99fc641dcc4cabbf622632e04f
@EXPLICIT
https://conda.anaconda.org/conda-forge/linux-64/_libgcc_mutex-0.1-conda_forge.tar.bz2#d7c89558ba9fa0495403155b64376d81
https://conda.anaconda.org/conda-forge/linux-64/ca-certificates-2020.12.5-ha878542_0.tar.bz2#7eb5d4ffeee663caa1635cd67071bc1b
https://conda.anaconda.org/conda-forge/linux-64/ld_impl_linux-64-2.35.1-hea4e1c9_2.tar.bz2#83610dba766a186bdc7a116053b782a4
https://conda.anaconda.org/conda-forge/linux-64/libstdcxx-ng-9.3.0-h6de172a_18.tar.bz2#2f03cd1e5c966d4af5822c7ae089ab03
https://conda.anaconda.org/conda-forge/linux-64/libgomp-9.3.0-h2828fa1_18.tar.bz2#fc7a2a7e6a741c8afdd764715ac7039d
https://conda.anaconda.org/conda-forge/linux-64/_openmp_mutex-4.5-1_gnu.tar.bz2#561e277319a41d4f24f5c05a9ef63c04
https://conda.anaconda.org/conda-forge/linux-64/libgcc-ng-9.3.0-h2828fa1_18.tar.bz2#5a9490c49a3505a6d19bda012cde6ad3
https://conda.anaconda.org/conda-forge/linux-64/bzip2-1.0.8-h7f98852_4.tar.bz2#a1fd65c7ccbf10880423d82bca54eb54
https://conda.anaconda.org/conda-forge/linux-64/c-ares-1.17.1-h7f98852_1.tar.bz2#ed1dc233ed5e3eaa9bfbaac64d130c5e
https://conda.anaconda.org/conda-forge/linux-64/firefox-78.8.0esr-h9c3ff4c_0.tar.bz2#eb21ca70af2e5239d2c56fe391690864
https://conda.anaconda.org/conda-forge/linux-64/geckodriver-0.29.0-h3146498_0.tar.bz2#7a76f8a22b8f67cf4fdabbfaec3ad061
https://conda.anaconda.org/conda-forge/linux-64/icu-68.1-h58526e2_0.tar.bz2#fc7a4271dc2a7f4fd78cd63695baf7c3
https://conda.anaconda.org/conda-forge/linux-64/libev-4.33-h516909a_1.tar.bz2#6f8720dff19e17ce5d48cfe7f3d2f0a3
https://conda.anaconda.org/conda-forge/linux-64/libffi-3.3-h58526e2_2.tar.bz2#665369991d8dd290ac5ee92fce3e6bf5
https://conda.anaconda.org/conda-forge/linux-64/libiconv-1.16-h516909a_0.tar.bz2#5c0f338a513a2943c659ae619fca9211
https://conda.anaconda.org/conda-forge/linux-64/lz4-c-1.9.3-h9c3ff4c_0.tar.bz2#4eb64ee0d5cd43096ffcf843c76b05d4
https://conda.anaconda.org/conda-forge/linux-64/lzo-2.10-h516909a_1000.tar.bz2#bb14fcb13341b81d5eb386423b9d2bac
https://conda.anaconda.org/conda-forge/linux-64/ncurses-6.2-h58526e2_4.tar.bz2#509f2a21c4a09214cd737a480dfd80c9
https://conda.anaconda.org/conda-forge/linux-64/openssl-1.1.1j-h7f98852_0.tar.bz2#f91545bee2ac8cf86f1dc53e55a7bb2b
https://conda.anaconda.org/conda-forge/linux-64/reproc-14.2.1-h36c2ea0_0.tar.bz2#72dc07a3b9641f9f530bf72e2c7a12b2
https://conda.anaconda.org/conda-forge/linux-64/xz-5.2.5-h516909a_1.tar.bz2#33f601066901f3e1a85af3522a8113f9
https://conda.anaconda.org/conda-forge/linux-64/yaml-0.2.5-h516909a_0.tar.bz2#03a530e925414902547cf48da7756db8
https://conda.anaconda.org/conda-forge/linux-64/zlib-1.2.11-h516909a_1010.tar.bz2#339cc5584e6d26bc73a875ba900028c3
https://conda.anaconda.org/conda-forge/linux-64/libedit-3.1.20191231-he28a2e2_2.tar.bz2#4d331e44109e3f0e19b4cb8f9b82f3e1
https://conda.anaconda.org/conda-forge/linux-64/libnghttp2-1.43.0-h812cca2_0.tar.bz2#1867d1e9658596b3fac8847a7702eef4
https://conda.anaconda.org/conda-forge/linux-64/libsolv-0.7.17-h780b84a_0.tar.bz2#1c1e60fddcd687302a40b2f5e4c13d53
https://conda.anaconda.org/conda-forge/linux-64/libssh2-1.9.0-ha56f1ee_6.tar.bz2#f0dfb86444df325e599dbc3f4c0a3f5b
https://conda.anaconda.org/conda-forge/linux-64/libxml2-2.9.10-h72842e0_3.tar.bz2#5ed2c4742d5f1141783f484fe8974ccf
https://conda.anaconda.org/conda-forge/linux-64/readline-8.0-he28a2e2_2.tar.bz2#4d0ae8d473f863696088f76800ef9d38
https://conda.anaconda.org/conda-forge/linux-64/reproc-cpp-14.2.1-h58526e2_0.tar.bz2#d1d5d63dafc7b2e484d02823606db5d9
https://conda.anaconda.org/conda-forge/linux-64/tk-8.6.10-hed695b0_1.tar.bz2#7ef837cd455bd0f19f49b8b62d4cb568
https://conda.anaconda.org/conda-forge/linux-64/zstd-1.4.9-ha95c52a_0.tar.bz2#b481dc9fda3af2a681d08a4d5cd1ea0b
https://conda.anaconda.org/conda-forge/linux-64/krb5-1.17.2-h926e7f8_0.tar.bz2#926325c11478d6e781e76072c117763b
https://conda.anaconda.org/conda-forge/linux-64/libarchive-3.5.1-h3f442fb_1.tar.bz2#1579ccb4f14593e95627bcdb29af953a
https://conda.anaconda.org/conda-forge/linux-64/sqlite-3.34.0-h74cdb3f_0.tar.bz2#0a83e21e8c1929cc9a1e21ebb2459fc5
https://conda.anaconda.org/conda-forge/linux-64/libcurl-7.75.0-hc4aaa36_0.tar.bz2#7283260c001a5f62d831b6c660c5afe7
https://conda.anaconda.org/conda-forge/linux-64/python-3.7.10-hffdb5ce_100_cpython.tar.bz2#7425fffa658971915f595e9110163c3c
https://conda.anaconda.org/conda-forge/noarch/backcall-0.2.0-pyh9f0ad1d_0.tar.bz2#6006a6d08a3fa99268a2681c7fb55213
https://conda.anaconda.org/conda-forge/noarch/backports-1.0-py_2.tar.bz2#0da16b293affa6ac31812376f8eb79dd
https://conda.anaconda.org/conda-forge/noarch/cloudpickle-1.6.0-py_0.tar.bz2#76d764d8881719e305f6fa368dc2b65e
https://conda.anaconda.org/conda-forge/noarch/colorama-0.4.4-pyh9f0ad1d_0.tar.bz2#c08b4c1326b880ed44f3ffb04803332f
https://conda.anaconda.org/conda-forge/noarch/decorator-4.4.2-py_0.tar.bz2#d2eabb9cabd212e1ec6a9463bd846243
https://conda.anaconda.org/conda-forge/noarch/idna-2.10-pyh9f0ad1d_0.tar.bz2#f95a12b4f435aae6680fe55ae2eb1b06
https://conda.anaconda.org/conda-forge/noarch/ipython_genutils-0.2.0-py_1.tar.bz2#5071c982548b3a20caf70462f04f5287
https://conda.anaconda.org/conda-forge/noarch/parso-0.8.1-pyhd8ed1ab_0.tar.bz2#8b0a19d867a59005c1ae631d61a12194
https://conda.anaconda.org/conda-forge/noarch/ptyprocess-0.7.0-pyhd3deb0d_0.tar.bz2#359eeb6536da0e687af562ed265ec263
https://conda.anaconda.org/conda-forge/noarch/pycparser-2.20-pyh9f0ad1d_2.tar.bz2#aa798d50ffd182a0f6f31478c7f434f6
https://conda.anaconda.org/conda-forge/linux-64/python_abi-3.7-1_cp37m.tar.bz2#658a5c3d766bfc6574480204b10a6f20
https://conda.anaconda.org/conda-forge/noarch/robotframework-4.0-pyhd8ed1ab_0.tar.bz2#13985780c14873961b7be4e7391d184e
https://conda.anaconda.org/conda-forge/noarch/six-1.15.0-pyh9f0ad1d_0.tar.bz2#1eec421f0f1f39e579e44e4a5ce646a2
https://conda.anaconda.org/conda-forge/noarch/tqdm-4.59.0-pyhd8ed1ab_0.tar.bz2#9ae6fb908a7f989e59a02fef85a5fd6f
https://conda.anaconda.org/conda-forge/noarch/wheel-0.36.2-pyhd3deb0d_0.tar.bz2#768bfbe026426d0e76b377997d1f2b98
https://conda.anaconda.org/conda-forge/linux-64/certifi-2020.12.5-py37h89c1867_1.tar.bz2#fb121f213009359498ada17a9e6d775f
https://conda.anaconda.org/conda-forge/linux-64/cffi-1.14.5-py37hc58025e_0.tar.bz2#e05f1fad0c52c21b6b92778d31f89cd0
https://conda.anaconda.org/conda-forge/linux-64/chardet-4.0.0-py37h89c1867_1.tar.bz2#f4fbd4721b80f0d6b53b3a3374914068
https://conda.anaconda.org/conda-forge/linux-64/conda-package-handling-1.7.2-py37hb5d75c8_0.tar.bz2#f339f7aca7602c5ca609ccad0162d651
https://conda.anaconda.org/conda-forge/linux-64/jedi-0.18.0-py37h89c1867_2.tar.bz2#5e95b453f199caec4dd1bf6002ae0ce2
https://conda.anaconda.org/conda-forge/linux-64/markupsafe-1.1.1-py37h5e8e339_3.tar.bz2#b874d44750373553008083116442c972
https://conda.anaconda.org/conda-forge/linux-64/pexpect-4.8.0-py37hc8dfbb8_1.tar.bz2#fda2ad946f9f5b7ce3531cc34ab262e9
https://conda.anaconda.org/conda-forge/linux-64/pickleshare-0.7.5-py37hc8dfbb8_1002.tar.bz2#14ce4d7ec7d9a22007168539135bc6d5
https://conda.anaconda.org/conda-forge/linux-64/pycosat-0.6.3-py37h5e8e339_1006.tar.bz2#28c4cc34c26926d09e50a05fee5ebe5f
https://conda.anaconda.org/conda-forge/linux-64/pyinotify-0.9.6-py37h89c1867_1003.tar.bz2#046d0c4c59f784d5bb1c9ecddcbb3f0b
https://conda.anaconda.org/conda-forge/linux-64/pysocks-1.7.1-py37h89c1867_3.tar.bz2#bd069d59ee91a2e26552cd7bb4c64032
https://conda.anaconda.org/conda-forge/noarch/robotframework-pythonlibcore-2.2.0-pyhd8ed1ab_0.tar.bz2#29a329f0b817038d27d7bdfb2ca04b5a
https://conda.anaconda.org/conda-forge/linux-64/ruamel_yaml-0.15.80-py37h5e8e339_1004.tar.bz2#0c520ba7aa566aec5c41012df4edbb65
https://conda.anaconda.org/conda-forge/noarch/traitlets-5.0.5-py_0.tar.bz2#99618ee9ab1323e40f231acdab92fe60
https://conda.anaconda.org/conda-forge/linux-64/brotlipy-0.7.0-py37hb5d75c8_1001.tar.bz2#1e60063ddc9de28cb48bddb48bdc1395
https://conda.anaconda.org/conda-forge/linux-64/cryptography-3.4.6-py37h5d9358c_0.tar.bz2#b345cf4500c6ebbec61c1f0e1a187579
https://conda.anaconda.org/conda-forge/linux-64/doit-0.33.1-py37hc8dfbb8_1.tar.bz2#80d93b768ad0151a0c109c376c31926b
https://conda.anaconda.org/conda-forge/linux-64/setuptools-49.6.0-py37h89c1867_3.tar.bz2#928c178bf6805b8ab71fabaa620e0234
https://conda.anaconda.org/conda-forge/noarch/backports.functools_lru_cache-1.6.1-py_0.tar.bz2#d36df15eaef96549ce6231e3088fba54
https://conda.anaconda.org/conda-forge/noarch/jinja2-2.11.3-pyh44b312d_0.tar.bz2#1d4c3605d85a3655b1595e0694138eb6
https://conda.anaconda.org/conda-forge/noarch/pip-21.0.1-pyhd8ed1ab_0.tar.bz2#849477e10d78cbc283c78fd53bfbb567
https://conda.anaconda.org/conda-forge/noarch/pygments-2.8.1-pyhd8ed1ab_0.tar.bz2#196e0cff141677f430fc06eb0d0ad94d
https://conda.anaconda.org/conda-forge/noarch/pyopenssl-20.0.1-pyhd8ed1ab_0.tar.bz2#92371c25994d0f5d28a01c1fb75ebf86
https://conda.anaconda.org/conda-forge/noarch/urllib3-1.26.3-pyhd8ed1ab_0.tar.bz2#25573e57774dd54cfa848e5dd44503ed
https://conda.anaconda.org/conda-forge/noarch/wcwidth-0.2.5-pyh9f0ad1d_2.tar.bz2#5266fcd697043c59621fda522b3d78ee
https://conda.anaconda.org/conda-forge/noarch/prompt-toolkit-3.0.16-pyha770c72_0.tar.bz2#1a7cec3da4a94cd23d3de4155bff4941
https://conda.anaconda.org/conda-forge/noarch/requests-2.25.1-pyhd3deb0d_0.tar.bz2#ae687aba31a1c400192a86a2e993ffdc
https://conda.anaconda.org/conda-forge/linux-64/selenium-3.141.0-py37h8f50634_1002.tar.bz2#e68c4443809c54a6bd8a16c433896ee7
https://conda.anaconda.org/conda-forge/linux-64/conda-4.9.2-py37h89c1867_0.tar.bz2#8c24efe074ff6c56eec13ab5e0829302
https://conda.anaconda.org/conda-forge/linux-64/ipython-7.21.0-py37h888b3d9_0.tar.bz2#8a22b88a82fd83f9b01e9b238a9272ef
https://conda.anaconda.org/conda-forge/noarch/robotframework-seleniumlibrary-5.1.0-pyhd8ed1ab_0.tar.bz2#9d5e31761865f38bafc0aa3a1bdc500d
https://conda.anaconda.org/conda-forge/linux-64/mamba-0.8.1-py37h7f483ca_0.tar.bz2#5ac7a40c1ea9dbf0f69ae0f72aa6c2b6
https://conda.anaconda.org/conda-forge/noarch/robotframework-jupyterlibrary-0.3.0-pyhd8ed1ab_0.tar.bz2#3d302bb13e64f23aef3e8e509156d70e
