# platform: linux-64
# env_hash: 246924024aea00d318f32fab40f618555481fe474d92d2714d1670720f0c1436
@EXPLICIT
https://conda.anaconda.org/conda-forge/linux-64/_libgcc_mutex-0.1-conda_forge.tar.bz2#d7c89558ba9fa0495403155b64376d81
https://conda.anaconda.org/conda-forge/linux-64/ca-certificates-2020.12.5-ha878542_0.tar.bz2#7eb5d4ffeee663caa1635cd67071bc1b
https://conda.anaconda.org/conda-forge/linux-64/ld_impl_linux-64-2.35.1-hea4e1c9_2.tar.bz2#83610dba766a186bdc7a116053b782a4
https://conda.anaconda.org/conda-forge/linux-64/libstdcxx-ng-9.3.0-h6de172a_19.tar.bz2#cd9a24a8dde03ec0cf0e603b0bea85a1
https://conda.anaconda.org/conda-forge/noarch/tzdata-2021a-he74cb21_0.tar.bz2#6f36861f102249fc54861ff9343c3fdd
https://conda.anaconda.org/conda-forge/linux-64/libgomp-9.3.0-h2828fa1_19.tar.bz2#ab0a307912033126da02507b59e79ec9
https://conda.anaconda.org/conda-forge/linux-64/_openmp_mutex-4.5-1_gnu.tar.bz2#561e277319a41d4f24f5c05a9ef63c04
https://conda.anaconda.org/conda-forge/linux-64/libgcc-ng-9.3.0-h2828fa1_19.tar.bz2#9d5cdfc51476ee4dcdd96ed2dca3f943
https://conda.anaconda.org/conda-forge/linux-64/libffi-3.3-h58526e2_2.tar.bz2#665369991d8dd290ac5ee92fce3e6bf5
https://conda.anaconda.org/conda-forge/linux-64/ncurses-6.2-h58526e2_4.tar.bz2#509f2a21c4a09214cd737a480dfd80c9
https://conda.anaconda.org/conda-forge/linux-64/openssl-1.1.1k-h7f98852_0.tar.bz2#07fae2cb088379c8441e0f3ffa1f4025
https://conda.anaconda.org/conda-forge/linux-64/xz-5.2.5-h516909a_1.tar.bz2#33f601066901f3e1a85af3522a8113f9
https://conda.anaconda.org/conda-forge/linux-64/yaml-0.2.5-h516909a_0.tar.bz2#03a530e925414902547cf48da7756db8
https://conda.anaconda.org/conda-forge/linux-64/zlib-1.2.11-h516909a_1010.tar.bz2#339cc5584e6d26bc73a875ba900028c3
https://conda.anaconda.org/conda-forge/linux-64/readline-8.1-h46c0cb4_0.tar.bz2#5788de3c8d7a7d64ac56c784c4ef48e6
https://conda.anaconda.org/conda-forge/linux-64/tk-8.6.10-hed695b0_1.tar.bz2#7ef837cd455bd0f19f49b8b62d4cb568
https://conda.anaconda.org/conda-forge/linux-64/sqlite-3.35.5-h74cdb3f_0.tar.bz2#e876c82c21e7074d299e13762d02466c
https://conda.anaconda.org/conda-forge/linux-64/python-3.9.2-hffdb5ce_0_cpython.tar.bz2#1d42ab08338d49f54800522a89ca3602
https://conda.anaconda.org/conda-forge/noarch/click-7.1.2-pyh9f0ad1d_0.tar.bz2#bd50a970ce07e660c319fdc4d730d3f1
https://conda.anaconda.org/conda-forge/noarch/idna-2.10-pyh9f0ad1d_0.tar.bz2#f95a12b4f435aae6680fe55ae2eb1b06
https://conda.anaconda.org/conda-forge/noarch/pycparser-2.20-pyh9f0ad1d_2.tar.bz2#aa798d50ffd182a0f6f31478c7f434f6
https://conda.anaconda.org/conda-forge/noarch/pyparsing-2.4.7-pyh9f0ad1d_0.tar.bz2#626c4f20d5bf06dcec9cf2eaa31725c7
https://conda.anaconda.org/conda-forge/linux-64/python_abi-3.9-1_cp39.tar.bz2#9ee3692d976902241a3392495768fe98
https://conda.anaconda.org/conda-forge/noarch/six-1.15.0-pyh9f0ad1d_0.tar.bz2#1eec421f0f1f39e579e44e4a5ce646a2
https://conda.anaconda.org/conda-forge/noarch/toml-0.10.2-pyhd8ed1ab_0.tar.bz2#f832c45a477c78bebd107098db465095
https://conda.anaconda.org/conda-forge/noarch/wheel-0.36.2-pyhd3deb0d_0.tar.bz2#768bfbe026426d0e76b377997d1f2b98
https://conda.anaconda.org/conda-forge/linux-64/certifi-2020.12.5-py39hf3d152e_1.tar.bz2#83afa403caafd7ef3162385cca9bce13
https://conda.anaconda.org/conda-forge/linux-64/cffi-1.14.5-py39he32792d_0.tar.bz2#b561e1fad1fc8bb343064bd5497444bb
https://conda.anaconda.org/conda-forge/linux-64/chardet-4.0.0-py39hf3d152e_1.tar.bz2#d0da429a3428ffcacaad25595b96a648
https://conda.anaconda.org/conda-forge/noarch/packaging-20.9-pyh44b312d_0.tar.bz2#be69a38e912054a62dc82cc3c7711a64
https://conda.anaconda.org/conda-forge/linux-64/pysocks-1.7.1-py39hf3d152e_3.tar.bz2#f7e7fdc66f2362bebc407f1ab7d10f63
https://conda.anaconda.org/conda-forge/linux-64/pyyaml-5.4.1-py39h3811e60_0.tar.bz2#6451ed66b3b438134626894c821dc5fa
https://conda.anaconda.org/conda-forge/linux-64/brotlipy-0.7.0-py39h3811e60_1001.tar.bz2#35ad78e61aec955783acfd00f3c6bcde
https://conda.anaconda.org/conda-forge/linux-64/cryptography-3.4.7-py39hbca0aa6_0.tar.bz2#04e97f7d5c60f75a36b1e4bdf3652ebd
https://conda.anaconda.org/conda-forge/noarch/dparse-0.5.1-py_0.tar.bz2#a3148bd94a6d6ffb4a694c739eab6121
https://conda.anaconda.org/conda-forge/linux-64/setuptools-49.6.0-py39hf3d152e_3.tar.bz2#4397280abb201d7adff59099e12e7ddd
https://conda.anaconda.org/conda-forge/noarch/pip-21.1-pyhd8ed1ab_0.tar.bz2#5acc8aa0e57f31553f7bf9c22ca4d064
https://conda.anaconda.org/conda-forge/noarch/pyopenssl-20.0.1-pyhd8ed1ab_0.tar.bz2#92371c25994d0f5d28a01c1fb75ebf86
https://conda.anaconda.org/conda-forge/noarch/urllib3-1.26.4-pyhd8ed1ab_0.tar.bz2#d7b20b328e23d993994ea02077c009c0
https://conda.anaconda.org/conda-forge/noarch/requests-2.25.1-pyhd3deb0d_0.tar.bz2#ae687aba31a1c400192a86a2e993ffdc
https://conda.anaconda.org/conda-forge/noarch/safety-1.10.3-pyhd8ed1ab_0.tar.bz2#0f79fdfb0f19db3e78c900f7e8f60263
