# platform: win-64
# env_hash: acfb3cd197a8b3d811c0cc084d20ec1722d74f08247f8b10cb063f89e6a1a4aa
@EXPLICIT
https://conda.anaconda.org/conda-forge/win-64/shellcheck-0.7.2-h57928b3_1.tar.bz2#b8b5564907ceed2d0fc4ee1941aa9b0c
https://conda.anaconda.org/conda-forge/win-64/ca-certificates-2021.5.30-h5b45459_0.tar.bz2#cfb6380d41af681ad323403f02755a15
https://conda.anaconda.org/conda-forge/win-64/conda-standalone-4.9.2-h57928b3_2.tar.bz2#c9a878f103381243dbbb9d8bae593a90
https://conda.anaconda.org/conda-forge/noarch/font-ttf-dejavu-sans-mono-2.37-hab24e00_0.tar.bz2#0c96522c6bdaed4b1566d11387caaf45
https://conda.anaconda.org/conda-forge/noarch/font-ttf-inconsolata-3.000-h77eed37_0.tar.bz2#34893075a5c9e55cdafac56607368fc6
https://conda.anaconda.org/conda-forge/noarch/font-ttf-source-code-pro-2.038-h77eed37_0.tar.bz2#4d59c254e01d9cde7957100457e2d5fb
https://conda.anaconda.org/conda-forge/noarch/font-ttf-ubuntu-0.83-hab24e00_0.tar.bz2#19410c3df09dfb12d1206132a1d357c5
https://conda.anaconda.org/conda-forge/win-64/msys2-conda-epoch-20160418-1.tar.bz2#b0309b72560df66f71a9d5e34a5efdfa
https://conda.anaconda.org/conda-forge/win-64/nodejs-14.15.4-h57928b3_1.tar.bz2#5b09be096b135eea885ba5855b3450c1
https://conda.anaconda.org/conda-forge/win-64/nsis-3.01-1.tar.bz2#2bd6e421c1d949b6d1acbb73bdfe5344
https://conda.anaconda.org/conda-forge/win-64/pandoc-2.14.0.2-h8ffe710_0.tar.bz2#3cd4de6e734ba147f59eb4c00326883f
https://conda.anaconda.org/conda-forge/win-64/vs2015_runtime-14.28.29325-h5e1d092_4.tar.bz2#e89bf06003c46c09ee8628eb76aa9520
https://conda.anaconda.org/conda-forge/win-64/winpty-0.4.3-4.tar.bz2#1cee351bf20b830d991dbe0bc8cd7dfe
https://conda.anaconda.org/conda-forge/noarch/fonts-conda-forge-1-0.tar.bz2#f766549260d6815b0c52253f1fb1bb29
https://conda.anaconda.org/conda-forge/win-64/m2w64-gmp-6.1.0-2.tar.bz2#53a1c73e1e3d185516d7e3af177596d9
https://conda.anaconda.org/conda-forge/win-64/m2w64-libwinpthread-git-5.0.0.4634.697f757-2.tar.bz2#774130a326dee16f1ceb05cc687ee4f0
https://conda.anaconda.org/conda-forge/win-64/vc-14.2-hb210afc_4.tar.bz2#45ddc2c65ad6c200120db1a682803462
https://conda.anaconda.org/conda-forge/win-64/yarn-1.22.10-0.tar.bz2#4f94f281c5682908afc43f8bf531bc36
https://conda.anaconda.org/conda-forge/win-64/bzip2-1.0.8-h8ffe710_4.tar.bz2#7c03c66026944073040cb19a4f3ec3c9
https://conda.anaconda.org/conda-forge/win-64/expat-2.4.1-h39d44d4_0.tar.bz2#7a8d10b5cc80e0ae1f0a44d2915b570b
https://conda.anaconda.org/conda-forge/win-64/firefox-78.11.0esr-h0e60522_0.tar.bz2#d12197d97168113af8d3819a7926cf53
https://conda.anaconda.org/conda-forge/noarch/fonts-conda-ecosystem-1-0.tar.bz2#fee5683a3f04bd15cbd8318b096a27ab
https://conda.anaconda.org/conda-forge/win-64/fribidi-1.0.10-h62dcd97_0.tar.bz2#159516f8c454e18fd12e7a23ce2e0fc0
https://conda.anaconda.org/conda-forge/win-64/geckodriver-0.29.0-hdb13177_0.tar.bz2#7cf698c50e053c07df5235366599c21e
https://conda.anaconda.org/conda-forge/win-64/getopt-win32-0.1-h8ffe710_0.tar.bz2#9ac4874e2958f18e01c386649208fe40
https://conda.anaconda.org/conda-forge/win-64/graphite2-1.3.13-1000.tar.bz2#8fc0e04e5c852cadf2cad68b86a906ab
https://conda.anaconda.org/conda-forge/win-64/icu-68.1-h0e60522_0.tar.bz2#5ca3de83c29382b94a575926b1d9a743
https://conda.anaconda.org/conda-forge/win-64/jbig-2.1-h8d14728_2003.tar.bz2#37dcc26d63c315f6c0588579dca810da
https://conda.anaconda.org/conda-forge/win-64/jpeg-9d-he774522_0.tar.bz2#093a3f2034d3002ee017859e388cc8a1
https://conda.anaconda.org/conda-forge/win-64/lerc-2.2.1-h0e60522_0.tar.bz2#5ea14f204e4caaea47598f719adbf80b
https://conda.anaconda.org/conda-forge/win-64/libdeflate-1.7-h8ffe710_5.tar.bz2#a745d8a24a297de721c60cd8e45be031
https://conda.anaconda.org/conda-forge/win-64/libffi-3.3-h0e60522_2.tar.bz2#b7d85288d380da17d1024358f18e9b62
https://conda.anaconda.org/conda-forge/win-64/libiconv-1.16-he774522_0.tar.bz2#bdfeadc9348e4d9fbe4821e81bf8f221
https://conda.anaconda.org/conda-forge/win-64/libsodium-1.0.18-h62dcd97_1.tar.bz2#5e0709275ea686866988ac69c3850d35
https://conda.anaconda.org/conda-forge/win-64/libwebp-base-1.2.0-h8ffe710_2.tar.bz2#39dd3497178fd93c31898a24c53bbfc7
https://conda.anaconda.org/conda-forge/win-64/lz4-c-1.9.3-h8ffe710_0.tar.bz2#5c9a617ed4fbd41f8c564fab236dda60
https://conda.anaconda.org/conda-forge/win-64/lzo-2.10-hfa6e2cd_1000.tar.bz2#8286080ecc02a0b7765e326fe78b7c5f
https://conda.anaconda.org/conda-forge/win-64/m2w64-gcc-libs-core-5.3.0-7.tar.bz2#4289d80fb4d272f1f3b56cfe87ac90bd
https://conda.anaconda.org/conda-forge/win-64/openssl-1.1.1k-h8ffe710_0.tar.bz2#e94dbe6f21cc34fa9cc3cf26cd42466a
https://conda.anaconda.org/conda-forge/win-64/pcre-8.45-h0e60522_0.tar.bz2#3cd3948bb5de74ebef93b6be6d8cf0d5
https://conda.anaconda.org/conda-forge/win-64/pixman-0.40.0-h8ffe710_0.tar.bz2#32b45d3fcffddc84cc1a014a0b5f0d58
https://conda.anaconda.org/conda-forge/win-64/reproc-14.2.1-h8ffe710_0.tar.bz2#8fdd355ebf4593385112b247a83f5806
https://conda.anaconda.org/conda-forge/win-64/sqlite-3.36.0-h8ffe710_0.tar.bz2#b7e2a74bafb1c94b0ea7195ef2149f8e
https://conda.anaconda.org/conda-forge/win-64/tk-8.6.10-he774522_1.tar.bz2#34a906fb55a5f0820d87b93da4dbb596
https://conda.anaconda.org/conda-forge/win-64/xz-5.2.5-h62dcd97_1.tar.bz2#eabcbfedd14d7c18a514afca09ea0ebb
https://conda.anaconda.org/conda-forge/win-64/yaml-0.2.5-he774522_0.tar.bz2#d41c34441d8bbb6d141e691ae7bccf35
https://conda.anaconda.org/conda-forge/win-64/zlib-1.2.11-h62dcd97_1010.tar.bz2#a4cdf389c5f73e60a0ca121ff77c22a9
https://conda.anaconda.org/conda-forge/win-64/gettext-0.19.8.1-h1a89ca6_1005.tar.bz2#9c6f6abe9d77d69553c2b287f4c5f0e6
https://conda.anaconda.org/conda-forge/win-64/krb5-1.19.1-hbae68bd_0.tar.bz2#518741884ccc4022b720acfced197048
https://conda.anaconda.org/conda-forge/win-64/libpng-1.6.37-ha81a0f5_2.tar.bz2#cc8f11542031225ef813cbc7b60713fc
https://conda.anaconda.org/conda-forge/win-64/libsolv-0.7.18-h7755175_0.tar.bz2#f623ae3aeb43d6c1427ee2f444525b7a
https://conda.anaconda.org/conda-forge/win-64/libssh2-1.9.0-h680486a_6.tar.bz2#4633dc7f3ab2692be68952ded790dd16
https://conda.anaconda.org/conda-forge/win-64/libwebp-1.2.0-h57928b3_0.tar.bz2#5fa2c90bb005a8f0a8fd8052216db4c0
https://conda.anaconda.org/conda-forge/win-64/libxml2-2.9.12-hf5bbc77_0.tar.bz2#0f1e832cbd8ae60708f4419f4b25c208
https://conda.anaconda.org/conda-forge/win-64/m2w64-gcc-libgfortran-5.3.0-6.tar.bz2#066552ac6b907ec6d72c0ddab29050dc
https://conda.anaconda.org/conda-forge/win-64/python-3.7.10-h7840368_100_cpython.tar.bz2#d1cd351219ab70e421897281ab05fecd
https://conda.anaconda.org/conda-forge/win-64/reproc-cpp-14.2.1-h0e60522_0.tar.bz2#225f0c12c0bb4f118be96b1766466347
https://conda.anaconda.org/conda-forge/win-64/zeromq-4.3.4-h0e60522_0.tar.bz2#e9004ac5d24937850e9edff978c7e515
https://conda.anaconda.org/conda-forge/win-64/zstd-1.5.0-h6255e5f_0.tar.bz2#3a997ecef5b2cf97db57a6fcf64e4728
https://conda.anaconda.org/conda-forge/noarch/appdirs-1.4.4-pyh9f0ad1d_0.tar.bz2#5f095bc6454094e96f146491fd03633b
https://conda.anaconda.org/conda-forge/noarch/async-lru-1.0.2-py_0.tar.bz2#dcc84dda841e94d88a1aeba2064b236f
https://conda.anaconda.org/conda-forge/noarch/async_generator-1.10-py_0.tar.bz2#d56c596e61b1c4952acf0a9920856c12
https://conda.anaconda.org/conda-forge/noarch/attrs-21.2.0-pyhd8ed1ab_0.tar.bz2#d2e1c7f388ac403df7079b411c37cc50
https://conda.anaconda.org/conda-forge/noarch/backcall-0.2.0-pyh9f0ad1d_0.tar.bz2#6006a6d08a3fa99268a2681c7fb55213
https://conda.anaconda.org/conda-forge/noarch/backports-1.0-py_2.tar.bz2#0da16b293affa6ac31812376f8eb79dd
https://conda.anaconda.org/conda-forge/noarch/cloudpickle-1.6.0-py_0.tar.bz2#76d764d8881719e305f6fa368dc2b65e
https://conda.anaconda.org/conda-forge/noarch/colorama-0.4.4-pyh9f0ad1d_0.tar.bz2#c08b4c1326b880ed44f3ffb04803332f
https://conda.anaconda.org/conda-forge/noarch/contextlib2-0.6.0.post1-py_0.tar.bz2#88cbe489355adaaa4c38ed55bbd620f3
https://conda.anaconda.org/conda-forge/noarch/dataclasses-0.8-pyhc8e2a94_1.tar.bz2#28e0de0ecba81334619a777fdc00febc
https://conda.anaconda.org/conda-forge/noarch/decorator-4.4.2-py_0.tar.bz2#d2eabb9cabd212e1ec6a9463bd846243
https://conda.anaconda.org/conda-forge/noarch/defusedxml-0.7.1-pyhd8ed1ab_0.tar.bz2#961b3a227b437d82ad7054484cfa71b2
https://conda.anaconda.org/conda-forge/noarch/filelock-3.0.12-pyh9f0ad1d_0.tar.bz2#7544ed05bbbe9bb687bc9bcbe4d6cb46
https://conda.anaconda.org/conda-forge/win-64/freetype-2.10.4-h546665d_1.tar.bz2#1215a2e49d23da91c28d97cff8de35ea
https://conda.anaconda.org/conda-forge/noarch/idna-2.10-pyh9f0ad1d_0.tar.bz2#f95a12b4f435aae6680fe55ae2eb1b06
https://conda.anaconda.org/conda-forge/noarch/ipython_genutils-0.2.0-py_1.tar.bz2#5071c982548b3a20caf70462f04f5287
https://conda.anaconda.org/conda-forge/noarch/json5-0.9.5-pyh9f0ad1d_0.tar.bz2#10759827a94e6b14996e81fb002c0bda
https://conda.anaconda.org/conda-forge/noarch/jupyterlab_widgets-1.0.0-pyhd8ed1ab_1.tar.bz2#f8da92114c8fbe1d951b0efaf54dd14b
https://conda.anaconda.org/conda-forge/win-64/libarchive-3.5.1-hb45042f_2.tar.bz2#be73ac647a3d800c9e503f82e0a9efa5
https://conda.anaconda.org/conda-forge/win-64/libcurl-7.77.0-h789b8ee_0.tar.bz2#1d87f8a14c648643536078816d489b9c
https://conda.anaconda.org/conda-forge/win-64/libglib-2.68.3-h1e62bf3_0.tar.bz2#d78a9b94d41ab931cbacc906adbacc76
https://conda.anaconda.org/conda-forge/win-64/libtiff-4.3.0-h0c97f57_1.tar.bz2#d65e06251d965c1baca8c448576adc22
https://conda.anaconda.org/conda-forge/win-64/libxslt-1.1.33-h65864e5_2.tar.bz2#129a6bde176b51eaa52541e28fa52d5c
https://conda.anaconda.org/conda-forge/win-64/m2w64-gcc-libs-5.3.0-7.tar.bz2#fe759119b8b3bfa720b8762c6fdc35de
https://conda.anaconda.org/conda-forge/noarch/mccabe-0.6.1-py_1.tar.bz2#a326cb400c1ccd91789f3e7d02124d61
https://conda.anaconda.org/conda-forge/noarch/nest-asyncio-1.5.1-pyhd8ed1ab_0.tar.bz2#47a51a5b8f9cc41004c8d7bd88b62447
https://conda.anaconda.org/conda-forge/noarch/olefile-0.46-pyh9f0ad1d_1.tar.bz2#0b2e68acc8c78c8cc392b90983481f58
https://conda.anaconda.org/conda-forge/noarch/pandocfilters-1.4.2-py_1.tar.bz2#ba6f4a308f1ea22abe1d72e72544af76
https://conda.anaconda.org/conda-forge/noarch/parso-0.8.2-pyhd8ed1ab_0.tar.bz2#fb40b157bd62b457a1cc82527b63f0b0
https://conda.anaconda.org/conda-forge/noarch/pathspec-0.8.1-pyhd3deb0d_0.tar.bz2#fcd2fbb062b55d14a77e664c89ee17a6
https://conda.anaconda.org/conda-forge/noarch/prometheus_client-0.11.0-pyhd8ed1ab_0.tar.bz2#01f530bf82d9f589c2087b8c347d5e29
https://conda.anaconda.org/conda-forge/noarch/pycodestyle-2.7.0-pyhd8ed1ab_0.tar.bz2#0234673eb2ecfbdf4e54574ab4d95f81
https://conda.anaconda.org/conda-forge/noarch/pycparser-2.20-pyh9f0ad1d_2.tar.bz2#aa798d50ffd182a0f6f31478c7f434f6
https://conda.anaconda.org/conda-forge/noarch/pyflakes-2.3.1-pyhd8ed1ab_0.tar.bz2#01e9ada82bd261ee2b6366aa832018cc
https://conda.anaconda.org/conda-forge/noarch/pyparsing-2.4.7-pyh9f0ad1d_0.tar.bz2#626c4f20d5bf06dcec9cf2eaa31725c7
https://conda.anaconda.org/conda-forge/noarch/pypdf2-1.26.0-py_2.tar.bz2#6094ef1f5dd20b019c2b52712f49eace
https://conda.anaconda.org/conda-forge/win-64/python_abi-3.7-1_cp37m.tar.bz2#bb3afff19e4ba0165a5f645aa8704717
https://conda.anaconda.org/conda-forge/noarch/pytz-2021.1-pyhd8ed1ab_0.tar.bz2#3af2e9424d5eb0063824a3f9b850d411
https://conda.anaconda.org/conda-forge/noarch/robotframework-4.0.3-pyhd8ed1ab_0.tar.bz2#476c586d4bee43047f02bb9beaa6baae
https://conda.anaconda.org/conda-forge/noarch/send2trash-1.7.1-pyhd8ed1ab_0.tar.bz2#10c92e8e5c7ca439d11bec031ff17db3
https://conda.anaconda.org/conda-forge/noarch/six-1.16.0-pyh6c4a22f_0.tar.bz2#e5f25f8dbc060e9a8d912e432202afc2
https://conda.anaconda.org/conda-forge/noarch/svg.path-4.1-pyhd8ed1ab_0.tar.bz2#cf948948f1ce7101da24dae413f21ca3
https://conda.anaconda.org/conda-forge/noarch/testpath-0.5.0-pyhd8ed1ab_0.tar.bz2#53b57d6a468bebc7cef1253b177a5e9e
https://conda.anaconda.org/conda-forge/noarch/toml-0.10.2-pyhd8ed1ab_0.tar.bz2#f832c45a477c78bebd107098db465095
https://conda.anaconda.org/conda-forge/noarch/tqdm-4.61.1-pyhd8ed1ab_0.tar.bz2#29bcac0ab1821d158d84a1f720fb899e
https://conda.anaconda.org/conda-forge/noarch/typing_extensions-3.10.0.0-pyha770c72_0.tar.bz2#67c0cba6533b641f28946d7c16f361c8
https://conda.anaconda.org/conda-forge/noarch/webencodings-0.5.1-py_1.tar.bz2#3563be4c5611a44210d9ba0c16113136
https://conda.anaconda.org/conda-forge/noarch/wheel-0.36.2-pyhd3deb0d_0.tar.bz2#768bfbe026426d0e76b377997d1f2b98
https://conda.anaconda.org/conda-forge/noarch/zipp-3.4.1-pyhd8ed1ab_0.tar.bz2#a4fa30eb74a326092b3d8078b1f1aae1
https://conda.anaconda.org/conda-forge/noarch/babel-2.9.1-pyh44b312d_0.tar.bz2#74136ed39bfea0832d338df1e58d013e
https://conda.anaconda.org/conda-forge/win-64/certifi-2021.5.30-py37h03978a9_0.tar.bz2#0a941e706fa8730e3e28c36e6e584685
https://conda.anaconda.org/conda-forge/win-64/cffi-1.14.5-py37hd8e9650_0.tar.bz2#5686156c1bcc7039cb3e41438380d0d5
https://conda.anaconda.org/conda-forge/win-64/chardet-4.0.0-py37h03978a9_1.tar.bz2#566dbd28c78bb886e678e61893d249ba
https://conda.anaconda.org/conda-forge/win-64/conda-package-handling-1.7.3-py37ha54c9ec_0.tar.bz2#0f0ac2a98c27fd30df8d44b8580f67ce
https://conda.anaconda.org/conda-forge/win-64/doit-0.33.1-py37hc8dfbb8_1.tar.bz2#2b0ff32acf084c8f0c7039c152415b80
https://conda.anaconda.org/conda-forge/win-64/entrypoints-0.3-py37hc8dfbb8_1002.tar.bz2#1295b4e63faecb4600055cf04e880583
https://conda.anaconda.org/conda-forge/win-64/fontconfig-2.13.1-h1989441_1005.tar.bz2#96153d6d40aa79431c5b36484ceccfea
https://conda.anaconda.org/conda-forge/win-64/gts-0.7.6-h39c6fae_2.tar.bz2#e2964d88d1a9f52166306ad5df0dc4e4
https://conda.anaconda.org/conda-forge/win-64/importlib-metadata-4.5.0-py37h03978a9_0.tar.bz2#3e82f4a43fa246c17e955d61630d6c8d
https://conda.anaconda.org/conda-forge/win-64/jedi-0.18.0-py37h03978a9_2.tar.bz2#071560e0cb1e1cad66ec740ef69eb541
https://conda.anaconda.org/conda-forge/win-64/lcms2-2.12-h2a16943_0.tar.bz2#fee639c27301c4165b4d1f7e442de8a5
https://conda.anaconda.org/conda-forge/win-64/lxml-4.6.3-py37hd07aab1_0.tar.bz2#6d65082d6adaa054e1db1b10c2007e13
https://conda.anaconda.org/conda-forge/win-64/markupsafe-2.0.1-py37hcc03f2d_0.tar.bz2#3f8ca076229f1dc8e410746bd63ba172
https://conda.anaconda.org/conda-forge/win-64/mistune-0.8.4-py37hcc03f2d_1003.tar.bz2#ecca7e30da66725c27800307347c85fa
https://conda.anaconda.org/conda-forge/win-64/mypy_extensions-0.4.3-py37h03978a9_3.tar.bz2#95b17307b05ac9eb21a8a5fa6bc393d7
https://conda.anaconda.org/conda-forge/noarch/networkx-2.5.1-pyhd8ed1ab_0.tar.bz2#c949bad9afedd108f9c6a00faa93e8e2
https://conda.anaconda.org/conda-forge/win-64/openjpeg-2.4.0-hb211442_1.tar.bz2#0991d2e943e5ba7ec9b7b32eec14e2e3
https://conda.anaconda.org/conda-forge/noarch/packaging-20.9-pyh44b312d_0.tar.bz2#be69a38e912054a62dc82cc3c7711a64
https://conda.anaconda.org/conda-forge/win-64/pickleshare-0.7.5-py37hc8dfbb8_1002.tar.bz2#b633ace65bb92a673748ce48c2c24839
https://conda.anaconda.org/conda-forge/win-64/pthread-stubs-0.4-hcd874cb_1001.tar.bz2#a1f820480193ea83582b13249a7e7bd9
https://conda.anaconda.org/conda-forge/win-64/pycosat-0.6.3-py37hcc03f2d_1006.tar.bz2#9eab0ecb5234233d6d119e3a3b17dd50
https://conda.anaconda.org/conda-forge/win-64/pyrsistent-0.17.3-py37hcc03f2d_2.tar.bz2#62c77b59cbf066b9c3e08c363017bd81
https://conda.anaconda.org/conda-forge/noarch/python-dateutil-2.8.1-py_0.tar.bz2#0d0150ed9c2d25817f5324108d3f7571
https://conda.anaconda.org/conda-forge/win-64/pywin32-300-py37hcc03f2d_0.tar.bz2#332665e8d4a64b4901c014bc09e63d64
https://conda.anaconda.org/conda-forge/win-64/pywinpty-1.1.1-py37h7f67f24_0.tar.bz2#d3cdbc08c73010eb4276a96b7460f872
https://conda.anaconda.org/conda-forge/win-64/pyyaml-5.4.1-py37hcc03f2d_0.tar.bz2#e9ee64dc3e9e47410f46fda92664cfc6
https://conda.anaconda.org/conda-forge/win-64/pyzmq-22.1.0-py37hcce574b_0.tar.bz2#1dec826a8ca8d0a7d1b0ee530ca7974c
https://conda.anaconda.org/conda-forge/win-64/regex-2021.4.4-py37hcc03f2d_0.tar.bz2#217e5b2556df9e58f2644f07e3b095c8
https://conda.anaconda.org/conda-forge/noarch/robotframework-lint-1.1-pyh9f0ad1d_0.tar.bz2#c3fa280c4a10c06e83f23193ef4ea5cc
https://conda.anaconda.org/conda-forge/noarch/robotframework-pythonlibcore-3.0.0-pyhd8ed1ab_0.tar.bz2#5651c801936eed0acac65983bf87f9e4
https://conda.anaconda.org/conda-forge/win-64/ruamel_yaml-0.15.80-py37hcc03f2d_1004.tar.bz2#475705a2c2b9d62edba42705650b9d13
https://conda.anaconda.org/conda-forge/win-64/sniffio-1.2.0-py37h03978a9_1.tar.bz2#2a4aee03e0cf8c94426e5d78c429e7a6
https://conda.anaconda.org/conda-forge/noarch/tinycss2-1.1.0-pyhd8ed1ab_0.tar.bz2#d6dddc4733c103e9bd4263f9ca3a2272
https://conda.anaconda.org/conda-forge/win-64/tornado-6.1-py37hcc03f2d_1.tar.bz2#20d238a5f4b51be48f0b171628ee873b
https://conda.anaconda.org/conda-forge/noarch/traitlets-5.0.5-py_0.tar.bz2#99618ee9ab1323e40f231acdab92fe60
https://conda.anaconda.org/conda-forge/win-64/typed-ast-1.4.3-py37hcc03f2d_0.tar.bz2#6cd20a23f8a8aa15b39b0ea868d5b4e7
https://conda.anaconda.org/conda-forge/win-64/websocket-client-0.57.0-py37h03978a9_4.tar.bz2#3e90861b996d3336ac13292e33da9ac3
https://conda.anaconda.org/conda-forge/win-64/win_inet_pton-1.1.0-py37h03978a9_2.tar.bz2#3be8e856f5b7726960041ff2fbeee4dd
https://conda.anaconda.org/conda-forge/win-64/wincertstore-0.2-py37h03978a9_1006.tar.bz2#d05992e21bc7622dd0dce0b087452250
https://conda.anaconda.org/conda-forge/win-64/xorg-kbproto-1.0.7-hcd874cb_1002.tar.bz2#8d11c1dac4756ca57e78c1bfe173bba4
https://conda.anaconda.org/conda-forge/win-64/xorg-libice-1.0.10-hcd874cb_0.tar.bz2#8f45beee385cb67e42d6732bdb1b6a40
https://conda.anaconda.org/conda-forge/win-64/xorg-libxau-1.0.9-hcd874cb_0.tar.bz2#9cef622e75683c17d05ae62d66e69e6c
https://conda.anaconda.org/conda-forge/win-64/xorg-libxdmcp-1.1.3-hcd874cb_0.tar.bz2#46878ebb6b9cbd8afcf8088d7ef00ece
https://conda.anaconda.org/conda-forge/win-64/xorg-xextproto-7.3.0-hcd874cb_1002.tar.bz2#4e2fb1b05e6f44190127b600b8f01645
https://conda.anaconda.org/conda-forge/win-64/xorg-xproto-7.0.31-hcd874cb_1007.tar.bz2#88f3c65d2ad13826a9e0b162063be023
https://conda.anaconda.org/conda-forge/win-64/anyio-3.2.0-py37h03978a9_0.tar.bz2#9118a8b8c05bf7209e49d0eb9febb5ee
https://conda.anaconda.org/conda-forge/win-64/argon2-cffi-20.1.0-py37hcc03f2d_2.tar.bz2#2defb4e736e12c589d517af111b4177e
https://conda.anaconda.org/conda-forge/win-64/brotlipy-0.7.0-py37hcc03f2d_1001.tar.bz2#5ae82a09056fc8eebd74222f3851c544
https://conda.anaconda.org/conda-forge/win-64/cairo-1.16.0-hb19e0ff_1008.tar.bz2#bfdfe24fd9276c9e9e2a478914767ca0
https://conda.anaconda.org/conda-forge/win-64/click-8.0.1-py37h03978a9_0.tar.bz2#8048d55b1f205f8e0680646b92690662
https://conda.anaconda.org/conda-forge/win-64/cryptography-3.4.7-py37h20c650d_0.tar.bz2#9e4498c6cd84334d6f3e0332e4f991c2
https://conda.anaconda.org/conda-forge/noarch/cssselect2-0.2.1-pyh9f0ad1d_1.tar.bz2#1e642cd71b43866bcedff1172ac1fc53
https://conda.anaconda.org/conda-forge/noarch/dparse-0.5.1-py_0.tar.bz2#a3148bd94a6d6ffb4a694c739eab6121
https://conda.anaconda.org/conda-forge/noarch/importlib_metadata-4.5.0-hd8ed1ab_0.tar.bz2#37284dc55911fdf9b0b5e6fed56fb192
https://conda.anaconda.org/conda-forge/noarch/jinja2-3.0.1-pyhd8ed1ab_0.tar.bz2#c647e77921fd3e245cdcc5b2d451a0f8
https://conda.anaconda.org/conda-forge/win-64/jupyter_core-4.7.1-py37h03978a9_0.tar.bz2#a260fc63f2edd2225780917c732fe32f
https://conda.anaconda.org/conda-forge/win-64/libxcb-1.13-hcd874cb_1003.tar.bz2#ad49ca9a2c88b8bd38c22181d60b4e56
https://conda.anaconda.org/conda-forge/noarch/matplotlib-inline-0.1.2-pyhd8ed1ab_2.tar.bz2#0967e1db58b16e416464ca399f87df79
https://conda.anaconda.org/conda-forge/win-64/menuinst-1.4.16-py37hc8dfbb8_1.tar.bz2#25864d0f620ec6d540dd43aa49b95d43
https://conda.anaconda.org/conda-forge/win-64/pillow-8.2.0-py37h96663a1_1.tar.bz2#aadf4cec7cbc426056f3866b89ff996c
https://conda.anaconda.org/conda-forge/win-64/pysocks-1.7.1-py37h03978a9_3.tar.bz2#57ff67171877b6aa4575b3e9a183b92a
https://conda.anaconda.org/conda-forge/noarch/raven-6.10.0-py_0.tar.bz2#93186ee8abf4d148a8d0407f9954a491
https://conda.anaconda.org/conda-forge/win-64/setuptools-49.6.0-py37h03978a9_3.tar.bz2#1b72c1d232d3bb820f9c129448a5f7ae
https://conda.anaconda.org/conda-forge/win-64/terminado-0.10.1-py37h03978a9_0.tar.bz2#f463faa8eb3f7e931debfc9a3206272c
https://conda.anaconda.org/conda-forge/win-64/xorg-libsm-1.2.3-hcd874cb_1000.tar.bz2#76a765e735668a9922da3d58e746a7a6
https://conda.anaconda.org/conda-forge/noarch/backports.functools_lru_cache-1.6.4-pyhd8ed1ab_0.tar.bz2#c5b3edc62d6309088f4970b3eaaa65a6
https://conda.anaconda.org/conda-forge/noarch/beautysh-6.1.0-pyhd8ed1ab_0.tar.bz2#5e7e9748962fc9bc863e0c308f19023f
https://conda.anaconda.org/conda-forge/noarch/black-21.5b2-pyhd8ed1ab_0.tar.bz2#919be0b3435cbe8e803c6bd738231f69
https://conda.anaconda.org/conda-forge/noarch/bleach-3.3.0-pyh44b312d_0.tar.bz2#abf6b76c39358ca36ca706c46f054f2a
https://conda.anaconda.org/conda-forge/noarch/cairocffi-1.2.0-pyhd8ed1ab_0.tar.bz2#9d8134c41356022e1be0da637406bcbf
https://conda.anaconda.org/conda-forge/noarch/click-default-group-1.2.2-pyhd8ed1ab_1.tar.bz2#72a46ffc25701c173932fd55cf0965d3
https://conda.anaconda.org/conda-forge/noarch/flake8-3.9.2-pyhd8ed1ab_0.tar.bz2#37d685abea0a25c921431edda02ad143
https://conda.anaconda.org/conda-forge/win-64/harfbuzz-2.8.1-hc601d6f_0.tar.bz2#162151a83cf7fc5a953631f0945ba3cc
https://conda.anaconda.org/conda-forge/noarch/isort-5.9.1-pyhd8ed1ab_0.tar.bz2#3a32c80ce9da25cf4d113abc8b5b5ae1
https://conda.anaconda.org/conda-forge/win-64/jsonschema-3.2.0-py37hc8dfbb8_1.tar.bz2#fc8098b181afa34a0c905190e5f5061f
https://conda.anaconda.org/conda-forge/noarch/jupyter_client-6.1.12-pyhd8ed1ab_0.tar.bz2#f58b38ddb9f94fa3cafea4ba2b17f93b
https://conda.anaconda.org/conda-forge/noarch/pip-21.1.2-pyhd8ed1ab_0.tar.bz2#dbd830edaffe5fc9ae6c1d425db2b5f2
https://conda.anaconda.org/conda-forge/noarch/pygments-2.9.0-pyhd8ed1ab_0.tar.bz2#a2d9bba43c9b80a42b0ccb9afd7223c2
https://conda.anaconda.org/conda-forge/noarch/pyopenssl-20.0.1-pyhd8ed1ab_0.tar.bz2#92371c25994d0f5d28a01c1fb75ebf86
https://conda.anaconda.org/conda-forge/noarch/segno-1.3.3-pyh44b312d_0.tar.bz2#cbe51cdc0feee9b233b7e1233f30348d
https://conda.anaconda.org/conda-forge/win-64/xorg-libx11-1.7.2-hcd874cb_0.tar.bz2#fc83d322fcfa4ca466b8529c4a2d259c
https://conda.anaconda.org/conda-forge/noarch/yamllint-1.26.1-pyhd8ed1ab_0.tar.bz2#6c487581da7e1253ee934e7029d1b7b4
https://conda.anaconda.org/conda-forge/noarch/cairosvg-2.5.2-pyhd8ed1ab_0.tar.bz2#92f5d9face5e328bea985ad5b9f03471
https://conda.anaconda.org/conda-forge/noarch/jupyterlab_pygments-0.1.2-pyh9f0ad1d_0.tar.bz2#2cbd910890bb328e8959246a1e16fac7
https://conda.anaconda.org/conda-forge/noarch/nbformat-5.1.3-pyhd8ed1ab_0.tar.bz2#bafa5df6d4f8db69a4d197b4657127e7
https://conda.anaconda.org/conda-forge/win-64/pango-1.48.5-hd84fcdd_0.tar.bz2#c29080d44f7bff4c500dfb3bc042efdb
https://conda.anaconda.org/conda-forge/noarch/qrcode-artistic-base-2.1.0-pyhd8ed1ab_0.tar.bz2#af9f2b48bcd53b3dc06a94dbdbda1d31
https://conda.anaconda.org/conda-forge/noarch/urllib3-1.26.5-pyhd8ed1ab_0.tar.bz2#36f0ca66d6dd09423e5c2551148d45cd
https://conda.anaconda.org/conda-forge/noarch/wcwidth-0.2.5-pyh9f0ad1d_2.tar.bz2#5266fcd697043c59621fda522b3d78ee
https://conda.anaconda.org/conda-forge/win-64/xorg-libxext-1.3.4-hcd874cb_1.tar.bz2#237e70b849a9440c2fce725b74412cd6
https://conda.anaconda.org/conda-forge/win-64/xorg-libxt-1.2.1-hcd874cb_2.tar.bz2#75788d7a4edf041cdd0a830f9bcaa3fb
https://conda.anaconda.org/conda-forge/noarch/nbclient-0.5.3-pyhd8ed1ab_0.tar.bz2#67f12831640fde52fe9be1bbc6b699e7
https://conda.anaconda.org/conda-forge/noarch/prompt-toolkit-3.0.19-pyha770c72_0.tar.bz2#d6db5e598611b7e81a3d38498174e6e8
https://conda.anaconda.org/conda-forge/noarch/qrcode-artistic-svg-2.1.0-pyhd8ed1ab_0.tar.bz2#42355ba1b965e418f750e0538ba762ef
https://conda.anaconda.org/conda-forge/noarch/requests-2.25.1-pyhd3deb0d_0.tar.bz2#ae687aba31a1c400192a86a2e993ffdc
https://conda.anaconda.org/conda-forge/win-64/selenium-3.141.0-py37hcc03f2d_1002.tar.bz2#dcbc20f8ee6f37ecf07a8387f6b357b7
https://conda.anaconda.org/conda-forge/win-64/xorg-libxpm-3.5.13-hcd874cb_0.tar.bz2#4b31b88585f696327ba79fea3b41f973
https://conda.anaconda.org/conda-forge/win-64/conda-4.10.1-py37h03978a9_0.tar.bz2#8c71f7fb0d0892508df0112761d3987e
https://conda.anaconda.org/conda-forge/noarch/ensureconda-1.4.1-pyhd8ed1ab_0.tar.bz2#52a7f7cc9076e2c8a25e15e19ad42821
https://conda.anaconda.org/conda-forge/win-64/ipython-7.24.1-py37h7813e69_0.tar.bz2#13ecd3e8998f16847e554e74930bac5e
https://conda.anaconda.org/conda-forge/win-64/libgd-2.3.2-h138e682_0.tar.bz2#d0e051a4cc752a3ccc511fe4909840f5
https://conda.anaconda.org/conda-forge/win-64/nbconvert-6.0.7-py37h03978a9_3.tar.bz2#1bbb1ea7e63926ea34e33f35d39b8540
https://conda.anaconda.org/conda-forge/noarch/requests_cache-0.4.13-py_0.tar.bz2#f823f9ba74df2c9a2fe0932501b41150
https://conda.anaconda.org/conda-forge/noarch/robotframework-seleniumlibrary-5.1.3-pyhd8ed1ab_0.tar.bz2#464fdfebe1a1ffb41b031d8bbfb6041f
https://conda.anaconda.org/conda-forge/noarch/safety-1.10.3-pyhd8ed1ab_0.tar.bz2#0f79fdfb0f19db3e78c900f7e8f60263
https://conda.anaconda.org/conda-forge/noarch/conda-lock-0.10.0-pyhd8ed1ab_0.tar.bz2#33053e3a6e0697b26771c51132e5e471
https://conda.anaconda.org/conda-forge/win-64/constructor-3.2.1-py37h03978a9_1.tar.bz2#ab4103c62a149ead2d2bb990022428f4
https://conda.anaconda.org/conda-forge/win-64/graphviz-2.47.3-hefbd956_0.tar.bz2#deb39e4534a564d619a110dd40577d12
https://conda.anaconda.org/conda-forge/win-64/ipykernel-5.5.5-py37h7813e69_0.tar.bz2#1669ee26afcff3e0b9d380c0dce7b790
https://conda.anaconda.org/conda-forge/noarch/jupyter_server-1.8.0-pyhd8ed1ab_0.tar.bz2#969aeead1aa6309d60dfcf19125ebd04
https://conda.anaconda.org/conda-forge/win-64/mamba-0.14.0-py37hed535a2_0.tar.bz2#cf6d897235d07406d1c2add88cf9d032
https://conda.anaconda.org/conda-forge/noarch/robotframework-jupyterlibrary-0.3.1-pyhd8ed1ab_0.tar.bz2#c8b6ee1fef3049484a3c9b8b6b872cc0
https://conda.anaconda.org/conda-forge/noarch/jupyterlab_server-2.6.0-pyhd8ed1ab_0.tar.bz2#62e29ad8a1c72f2ec56dffef91870fe3
https://conda.anaconda.org/conda-forge/noarch/notebook-6.4.0-pyha770c72_0.tar.bz2#1edbf3ee7482e201e572db0211e17f30
https://conda.anaconda.org/conda-forge/win-64/pygraphviz-1.7-py37h32dab02_0.tar.bz2#5b8fbfb601d91680fdcdce9e792af339
https://conda.anaconda.org/conda-forge/noarch/graphviz2drawio-0.2.0-pyhd8ed1ab_0.tar.bz2#9de46f436c51435136461568d63d46fd
https://conda.anaconda.org/conda-forge/noarch/nbclassic-0.3.1-pyhd8ed1ab_1.tar.bz2#aa4f94da9fafb5b774493b26b631ad3f
https://conda.anaconda.org/conda-forge/win-64/widgetsnbextension-3.5.1-py37hc8dfbb8_4.tar.bz2#1319a01debbe6b459cfade55fdabb0cf
https://conda.anaconda.org/conda-forge/noarch/ipywidgets-7.6.3-pyhd3deb0d_0.tar.bz2#536a9ed6d9e740f2b83d1a3c388e4388
https://conda.anaconda.org/conda-forge/noarch/jupyterlab-3.0.16-pyhd8ed1ab_0.tar.bz2#48c10ee082d1649df09476e55bdc84e9
https://conda.anaconda.org/conda-forge/noarch/ipydrawio-1.1.0-pyhd8ed1ab_0.tar.bz2#7fd4a35e3cb0e7f732f7641d8630adc4
https://conda.anaconda.org/conda-forge/noarch/ipyelk-1.0.0-pyhd8ed1ab_0.tar.bz2#d75fed3e3e35ef7a2061c7c69fe98aa3
https://conda.anaconda.org/conda-forge/noarch/jupyterlab-gt-coar-theme-0.2.4-pyhd8ed1ab_0.tar.bz2#e677f65dc9469857509d9ed36dbff7b4
https://conda.anaconda.org/conda-forge/noarch/ipydrawio-export-1.1.0-pyhd8ed1ab_0.tar.bz2#c95eefbd7d0ae12090ba907ed8e437c8
