# Copyright (c) 2020 University System of Georgia and GTCOARLab Contributors
# Distributed under the terms of the BSD-3-Clause License

name: lock

channels:
  - https://conda.anaconda.org/conda-forge
  - https://conda.anaconda.org/nodefaults

dependencies:
  # the runstime
  - python >=3.7.10,<3.8.0
  - nodejs >=14,<15.0.0
  # conda and friends
  - conda-build ==3.21.4
  - conda-lock >=0.8.0
  - conda-pack
  - constructor >=3.2.0
